
Microsoft Visual Studio Solution File, Format Version 12.00
# Visual Studio Version 16
VisualStudioVersion = 16.0.29123.88
MinimumVisualStudioVersion = 10.0.40219.1
Project("{FAE04EC0-301F-11D3-BF4B-00C04F79EFBC}") = "PricePredictionML", "PricePredictionML\PricePredictionML.csproj", "{7B64FDAB-8A3D-4984-B761-5B1AF622A1F0}"
EndProject
Project("{9A19103F-16F7-4668-BE54-9A1E7A4F7556}") = "PricePredictionMLML.Model", "PricePredictionMLML.Model\PricePredictionMLML.Model.csproj", "{C551F1E2-88CC-41B6-A643-3F83F5526C4F}"
EndProject
Project("{9A19103F-16F7-4668-BE54-9A1E7A4F7556}") = "PricePredictionMLML.ConsoleApp", "PricePredictionMLML.ConsoleApp\PricePredictionMLML.ConsoleApp.csproj", "{E28B6448-2422-4364-9A01-AD2F50D07688}"
EndProject
Global
	GlobalSection(SolutionConfigurationPlatforms) = preSolution
		Debug|Any CPU = Debug|Any CPU
		Release|Any CPU = Release|Any CPU
	EndGlobalSection
	GlobalSection(ProjectConfigurationPlatforms) = postSolution
		{7B64FDAB-8A3D-4984-B761-5B1AF622A1F0}.Debug|Any CPU.ActiveCfg = Debug|Any CPU
		{7B64FDAB-8A3D-4984-B761-5B1AF622A1F0}.Debug|Any CPU.Build.0 = Debug|Any CPU
		{7B64FDAB-8A3D-4984-B761-5B1AF622A1F0}.Release|Any CPU.ActiveCfg = Release|Any CPU
		{7B64FDAB-8A3D-4984-B761-5B1AF622A1F0}.Release|Any CPU.Build.0 = Release|Any CPU
		{C551F1E2-88CC-41B6-A643-3F83F5526C4F}.Debug|Any CPU.ActiveCfg = Debug|Any CPU
		{C551F1E2-88CC-41B6-A643-3F83F5526C4F}.Debug|Any CPU.Build.0 = Debug|Any CPU
		{C551F1E2-88CC-41B6-A643-3F83F5526C4F}.Release|Any CPU.ActiveCfg = Release|Any CPU
		{C551F1E2-88CC-41B6-A643-3F83F5526C4F}.Release|Any CPU.Build.0 = Release|Any CPU
		{E28B6448-2422-4364-9A01-AD2F50D07688}.Debug|Any CPU.ActiveCfg = Debug|Any CPU
		{E28B6448-2422-4364-9A01-AD2F50D07688}.Debug|Any CPU.Build.0 = Debug|Any CPU
		{E28B6448-2422-4364-9A01-AD2F50D07688}.Release|Any CPU.ActiveCfg = Release|Any CPU
		{E28B6448-2422-4364-9A01-AD2F50D07688}.Release|Any CPU.Build.0 = Release|Any CPU
	EndGlobalSection
	GlobalSection(SolutionProperties) = preSolution
		HideSolutionNode = FALSE
	EndGlobalSection
	GlobalSection(ExtensibilityGlobals) = postSolution
		SolutionGuid = {B1F0B639-722B-45DA-BE09-BA071D3EDE13}
	EndGlobalSection
EndGlobal
