
Microsoft Visual Studio Solution File, Format Version 12.00
# Visual Studio Version 16
VisualStudioVersion = 16.0.29123.88
MinimumVisualStudioVersion = 10.0.40219.1
Project("{FAE04EC0-301F-11D3-BF4B-00C04F79EFBC}") = "IssueClarificationML", "IssueClarificationML\IssueClarificationML.csproj", "{26D42E3A-892E-4440-9FA5-4B94BEFF23CF}"
EndProject
Global
	GlobalSection(SolutionConfigurationPlatforms) = preSolution
		Debug|Any CPU = Debug|Any CPU
		Release|Any CPU = Release|Any CPU
	EndGlobalSection
	GlobalSection(ProjectConfigurationPlatforms) = postSolution
		{26D42E3A-892E-4440-9FA5-4B94BEFF23CF}.Debug|Any CPU.ActiveCfg = Debug|Any CPU
		{26D42E3A-892E-4440-9FA5-4B94BEFF23CF}.Debug|Any CPU.Build.0 = Debug|Any CPU
		{26D42E3A-892E-4440-9FA5-4B94BEFF23CF}.Release|Any CPU.ActiveCfg = Release|Any CPU
		{26D42E3A-892E-4440-9FA5-4B94BEFF23CF}.Release|Any CPU.Build.0 = Release|Any CPU
	EndGlobalSection
	GlobalSection(SolutionProperties) = preSolution
		HideSolutionNode = FALSE
	EndGlobalSection
	GlobalSection(ExtensibilityGlobals) = postSolution
		SolutionGuid = {3D3AE9F1-61D7-4C18-A186-B907750C03F5}
	EndGlobalSection
EndGlobal
